// !$*UTF8*$!
{
	archiveVersion = 1;
	classes = {
	};
	objectVersion = 51;
	objects = {

/* Begin PBXBuildFile section */
		721B06F94E9805E099795383 /* Pods_BPlayerTests.framework in Frameworks */ = {isa = PBXBuildFile; fileRef = 63200472F324B8F95DFD13FF /* Pods_BPlayerTests.framework */; };
		84BC344E260AFC4300D0CA9A /* AppDelegate.swift in Sources */ = {isa = PBXBuildFile; fileRef = 84BC344D260AFC4300D0CA9A /* AppDelegate.swift */; };
		84BC3452260AFC4300D0CA9A /* DemoViewController.swift in Sources */ = {isa = PBXBuildFile; fileRef = 84BC3451260AFC4300D0CA9A /* DemoViewController.swift */; };
		84BC3455260AFC4300D0CA9A /* Main.storyboard in Resources */ = {isa = PBXBuildFile; fileRef = 84BC3453260AFC4300D0CA9A /* Main.storyboard */; };
		84BC3457260AFC4400D0CA9A /* Assets.xcassets in Resources */ = {isa = PBXBuildFile; fileRef = 84BC3456260AFC4400D0CA9A /* Assets.xcassets */; };
		84BC345A260AFC4400D0CA9A /* LaunchScreen.storyboard in Resources */ = {isa = PBXBuildFile; fileRef = 84BC3458260AFC4400D0CA9A /* LaunchScreen.storyboard */; };
		84BC3465260AFC4400D0CA9A /* BPlayerTests.swift in Sources */ = {isa = PBXBuildFile; fileRef = 84BC3464260AFC4400D0CA9A /* BPlayerTests.swift */; };
		84BC3470260AFC4400D0CA9A /* BPlayerUITests.swift in Sources */ = {isa = PBXBuildFile; fileRef = 84BC346F260AFC4400D0CA9A /* BPlayerUITests.swift */; };
		84BC34A3260B301800D0CA9A /* UiView+Extensions.swift in Sources */ = {isa = PBXBuildFile; fileRef = 84BC34A2260B301800D0CA9A /* UiView+Extensions.swift */; };
		84BC34D8260C343E00D0CA9A /* HLSParser.swift in Sources */ = {isa = PBXBuildFile; fileRef = 84BC34D7260C343E00D0CA9A /* HLSParser.swift */; };
		84BC3505260DD5E400D0CA9A /* CLPlayerController.swift in Sources */ = {isa = PBXBuildFile; fileRef = 84BC3503260DD5E400D0CA9A /* CLPlayerController.swift */; };
		84BC3506260DD5E400D0CA9A /* CLPlayerController.xib in Resources */ = {isa = PBXBuildFile; fileRef = 84BC3504260DD5E400D0CA9A /* CLPlayerController.xib */; };
		84BC35182611869100D0CA9A /* MPVolumeView+Extension.swift in Sources */ = {isa = PBXBuildFile; fileRef = 84BC35172611869100D0CA9A /* MPVolumeView+Extension.swift */; };
		B06CABB42CA531A67359B9E8 /* Pods_BPlayer_BPlayerUITests.framework in Frameworks */ = {isa = PBXBuildFile; fileRef = F97652220010F41DA13846DA /* Pods_BPlayer_BPlayerUITests.framework */; };
		DD9E48CD318ADBD07F854CC8 /* Pods_BPlayer.framework in Frameworks */ = {isa = PBXBuildFile; fileRef = C7B46F839A65346922560116 /* Pods_BPlayer.framework */; };
/* End PBXBuildFile section */

/* Begin PBXContainerItemProxy section */
		84BC3461260AFC4400D0CA9A /* PBXContainerItemProxy */ = {
			isa = PBXContainerItemProxy;
			containerPortal = 84BC3442260AFC4300D0CA9A /* Project object */;
			proxyType = 1;
			remoteGlobalIDString = 84BC3449260AFC4300D0CA9A;
			remoteInfo = BPlayer;
		};
		84BC346C260AFC4400D0CA9A /* PBXContainerItemProxy */ = {
			isa = PBXContainerItemProxy;
			containerPortal = 84BC3442260AFC4300D0CA9A /* Project object */;
			proxyType = 1;
			remoteGlobalIDString = 84BC3449260AFC4300D0CA9A;
			remoteInfo = BPlayer;
		};
/* End PBXContainerItemProxy section */

/* Begin PBXFileReference section */
		1471022897A64FDE4FD5D6DB /* Pods-BPlayer-BPlayerUITests.release.xcconfig */ = {isa = PBXFileReference; includeInIndex = 1; lastKnownFileType = text.xcconfig; name = "Pods-BPlayer-BPlayerUITests.release.xcconfig"; path = "Target Support Files/Pods-BPlayer-BPlayerUITests/Pods-BPlayer-BPlayerUITests.release.xcconfig"; sourceTree = "<group>"; };
		147E827D2AC57D04518B9B5D /* Pods-BPlayer.release.xcconfig */ = {isa = PBXFileReference; includeInIndex = 1; lastKnownFileType = text.xcconfig; name = "Pods-BPlayer.release.xcconfig"; path = "Target Support Files/Pods-BPlayer/Pods-BPlayer.release.xcconfig"; sourceTree = "<group>"; };
		456EE10DE2761859BA2CD69B /* Pods-BPlayerTests.release.xcconfig */ = {isa = PBXFileReference; includeInIndex = 1; lastKnownFileType = text.xcconfig; name = "Pods-BPlayerTests.release.xcconfig"; path = "Target Support Files/Pods-BPlayerTests/Pods-BPlayerTests.release.xcconfig"; sourceTree = "<group>"; };
		523D0C49FD5B211027C1FA9C /* Pods-BPlayer.debug.xcconfig */ = {isa = PBXFileReference; includeInIndex = 1; lastKnownFileType = text.xcconfig; name = "Pods-BPlayer.debug.xcconfig"; path = "Target Support Files/Pods-BPlayer/Pods-BPlayer.debug.xcconfig"; sourceTree = "<group>"; };
		63200472F324B8F95DFD13FF /* Pods_BPlayerTests.framework */ = {isa = PBXFileReference; explicitFileType = wrapper.framework; includeInIndex = 0; path = Pods_BPlayerTests.framework; sourceTree = BUILT_PRODUCTS_DIR; };
		6DBB4DC427EBB0C4E1984895 /* Pods-BPlayer-BPlayerUITests.debug.xcconfig */ = {isa = PBXFileReference; includeInIndex = 1; lastKnownFileType = text.xcconfig; name = "Pods-BPlayer-BPlayerUITests.debug.xcconfig"; path = "Target Support Files/Pods-BPlayer-BPlayerUITests/Pods-BPlayer-BPlayerUITests.debug.xcconfig"; sourceTree = "<group>"; };
		84BC344A260AFC4300D0CA9A /* BPlayer.app */ = {isa = PBXFileReference; explicitFileType = wrapper.application; includeInIndex = 0; path = BPlayer.app; sourceTree = BUILT_PRODUCTS_DIR; };
		84BC344D260AFC4300D0CA9A /* AppDelegate.swift */ = {isa = PBXFileReference; lastKnownFileType = sourcecode.swift; path = AppDelegate.swift; sourceTree = "<group>"; };
		84BC3451260AFC4300D0CA9A /* DemoViewController.swift */ = {isa = PBXFileReference; lastKnownFileType = sourcecode.swift; path = DemoViewController.swift; sourceTree = "<group>"; };
		84BC3454260AFC4300D0CA9A /* Base */ = {isa = PBXFileReference; lastKnownFileType = file.storyboard; name = Base; path = Base.lproj/Main.storyboard; sourceTree = "<group>"; };
		84BC3456260AFC4400D0CA9A /* Assets.xcassets */ = {isa = PBXFileReference; lastKnownFileType = folder.assetcatalog; path = Assets.xcassets; sourceTree = "<group>"; };
		84BC3459260AFC4400D0CA9A /* Base */ = {isa = PBXFileReference; lastKnownFileType = file.storyboard; name = Base; path = Base.lproj/LaunchScreen.storyboard; sourceTree = "<group>"; };
		84BC345B260AFC4400D0CA9A /* Info.plist */ = {isa = PBXFileReference; lastKnownFileType = text.plist.xml; path = Info.plist; sourceTree = "<group>"; };
		84BC3460260AFC4400D0CA9A /* BPlayerTests.xctest */ = {isa = PBXFileReference; explicitFileType = wrapper.cfbundle; includeInIndex = 0; path = BPlayerTests.xctest; sourceTree = BUILT_PRODUCTS_DIR; };
		84BC3464260AFC4400D0CA9A /* BPlayerTests.swift */ = {isa = PBXFileReference; lastKnownFileType = sourcecode.swift; path = BPlayerTests.swift; sourceTree = "<group>"; };
		84BC3466260AFC4400D0CA9A /* Info.plist */ = {isa = PBXFileReference; lastKnownFileType = text.plist.xml; path = Info.plist; sourceTree = "<group>"; };
		84BC346B260AFC4400D0CA9A /* BPlayerUITests.xctest */ = {isa = PBXFileReference; explicitFileType = wrapper.cfbundle; includeInIndex = 0; path = BPlayerUITests.xctest; sourceTree = BUILT_PRODUCTS_DIR; };
		84BC346F260AFC4400D0CA9A /* BPlayerUITests.swift */ = {isa = PBXFileReference; lastKnownFileType = sourcecode.swift; path = BPlayerUITests.swift; sourceTree = "<group>"; };
		84BC3471260AFC4400D0CA9A /* Info.plist */ = {isa = PBXFileReference; lastKnownFileType = text.plist.xml; path = Info.plist; sourceTree = "<group>"; };
		84BC34A2260B301800D0CA9A /* UiView+Extensions.swift */ = {isa = PBXFileReference; lastKnownFileType = sourcecode.swift; path = "UiView+Extensions.swift"; sourceTree = "<group>"; };
		84BC34D7260C343E00D0CA9A /* HLSParser.swift */ = {isa = PBXFileReference; lastKnownFileType = sourcecode.swift; path = HLSParser.swift; sourceTree = "<group>"; };
		84BC3503260DD5E400D0CA9A /* CLPlayerController.swift */ = {isa = PBXFileReference; lastKnownFileType = sourcecode.swift; path = CLPlayerController.swift; sourceTree = "<group>"; };
		84BC3504260DD5E400D0CA9A /* CLPlayerController.xib */ = {isa = PBXFileReference; lastKnownFileType = file.xib; path = CLPlayerController.xib; sourceTree = "<group>"; };
		84BC35172611869100D0CA9A /* MPVolumeView+Extension.swift */ = {isa = PBXFileReference; lastKnownFileType = sourcecode.swift; path = "MPVolumeView+Extension.swift"; sourceTree = "<group>"; };
		A39649891C5DBC62600E3A24 /* Pods-BPlayerTests.debug.xcconfig */ = {isa = PBXFileReference; includeInIndex = 1; lastKnownFileType = text.xcconfig; name = "Pods-BPlayerTests.debug.xcconfig"; path = "Target Support Files/Pods-BPlayerTests/Pods-BPlayerTests.debug.xcconfig"; sourceTree = "<group>"; };
		C7B46F839A65346922560116 /* Pods_BPlayer.framework */ = {isa = PBXFileReference; explicitFileType = wrapper.framework; includeInIndex = 0; path = Pods_BPlayer.framework; sourceTree = BUILT_PRODUCTS_DIR; };
		F97652220010F41DA13846DA /* Pods_BPlayer_BPlayerUITests.framework */ = {isa = PBXFileReference; explicitFileType = wrapper.framework; includeInIndex = 0; path = Pods_BPlayer_BPlayerUITests.framework; sourceTree = BUILT_PRODUCTS_DIR; };
/* End PBXFileReference section */

/* Begin PBXFrameworksBuildPhase section */
		84BC3447260AFC4300D0CA9A /* Frameworks */ = {
			isa = PBXFrameworksBuildPhase;
			buildActionMask = 2147483647;
			files = (
				DD9E48CD318ADBD07F854CC8 /* Pods_BPlayer.framework in Frameworks */,
			);
			runOnlyForDeploymentPostprocessing = 0;
		};
		84BC345D260AFC4400D0CA9A /* Frameworks */ = {
			isa = PBXFrameworksBuildPhase;
			buildActionMask = 2147483647;
			files = (
				721B06F94E9805E099795383 /* Pods_BPlayerTests.framework in Frameworks */,
			);
			runOnlyForDeploymentPostprocessing = 0;
		};
		84BC3468260AFC4400D0CA9A /* Frameworks */ = {
			isa = PBXFrameworksBuildPhase;
			buildActionMask = 2147483647;
			files = (
				B06CABB42CA531A67359B9E8 /* Pods_BPlayer_BPlayerUITests.framework in Frameworks */,
			);
			runOnlyForDeploymentPostprocessing = 0;
		};
/* End PBXFrameworksBuildPhase section */

/* Begin PBXGroup section */
		7F0BCDEFD6A957744F748DDB /* Frameworks */ = {
			isa = PBXGroup;
			children = (
				C7B46F839A65346922560116 /* Pods_BPlayer.framework */,
				F97652220010F41DA13846DA /* Pods_BPlayer_BPlayerUITests.framework */,
				63200472F324B8F95DFD13FF /* Pods_BPlayerTests.framework */,
			);
			name = Frameworks;
			sourceTree = "<group>";
		};
		84BC3441260AFC4300D0CA9A = {
			isa = PBXGroup;
			children = (
				84BC344C260AFC4300D0CA9A /* BPlayer */,
				84BC3463260AFC4400D0CA9A /* BPlayerTests */,
				84BC346E260AFC4400D0CA9A /* BPlayerUITests */,
				84BC344B260AFC4300D0CA9A /* Products */,
				A116065B32A193331E0842F7 /* Pods */,
				7F0BCDEFD6A957744F748DDB /* Frameworks */,
			);
			sourceTree = "<group>";
		};
		84BC344B260AFC4300D0CA9A /* Products */ = {
			isa = PBXGroup;
			children = (
				84BC344A260AFC4300D0CA9A /* BPlayer.app */,
				84BC3460260AFC4400D0CA9A /* BPlayerTests.xctest */,
				84BC346B260AFC4400D0CA9A /* BPlayerUITests.xctest */,
			);
			name = Products;
			sourceTree = "<group>";
		};
		84BC344C260AFC4300D0CA9A /* BPlayer */ = {
			isa = PBXGroup;
			children = (
				84BC344D260AFC4300D0CA9A /* AppDelegate.swift */,
				84BC3451260AFC4300D0CA9A /* DemoViewController.swift */,
				84BC3453260AFC4300D0CA9A /* Main.storyboard */,
				84BC3456260AFC4400D0CA9A /* Assets.xcassets */,
				84BC3458260AFC4400D0CA9A /* LaunchScreen.storyboard */,
				84BC345B260AFC4400D0CA9A /* Info.plist */,
				84BC34A2260B301800D0CA9A /* UiView+Extensions.swift */,
				84BC34D7260C343E00D0CA9A /* HLSParser.swift */,
				84BC3503260DD5E400D0CA9A /* CLPlayerController.swift */,
				84BC3504260DD5E400D0CA9A /* CLPlayerController.xib */,
				84BC35172611869100D0CA9A /* MPVolumeView+Extension.swift */,
			);
			path = BPlayer;
			sourceTree = "<group>";
		};
		84BC3463260AFC4400D0CA9A /* BPlayerTests */ = {
			isa = PBXGroup;
			children = (
				84BC3464260AFC4400D0CA9A /* BPlayerTests.swift */,
				84BC3466260AFC4400D0CA9A /* Info.plist */,
			);
			path = BPlayerTests;
			sourceTree = "<group>";
		};
		84BC346E260AFC4400D0CA9A /* BPlayerUITests */ = {
			isa = PBXGroup;
			children = (
				84BC346F260AFC4400D0CA9A /* BPlayerUITests.swift */,
				84BC3471260AFC4400D0CA9A /* Info.plist */,
			);
			path = BPlayerUITests;
			sourceTree = "<group>";
		};
		A116065B32A193331E0842F7 /* Pods */ = {
			isa = PBXGroup;
			children = (
				523D0C49FD5B211027C1FA9C /* Pods-BPlayer.debug.xcconfig */,
				147E827D2AC57D04518B9B5D /* Pods-BPlayer.release.xcconfig */,
				6DBB4DC427EBB0C4E1984895 /* Pods-BPlayer-BPlayerUITests.debug.xcconfig */,
				1471022897A64FDE4FD5D6DB /* Pods-BPlayer-BPlayerUITests.release.xcconfig */,
				A39649891C5DBC62600E3A24 /* Pods-BPlayerTests.debug.xcconfig */,
				456EE10DE2761859BA2CD69B /* Pods-BPlayerTests.release.xcconfig */,
			);
			path = Pods;
			sourceTree = "<group>";
		};
/* End PBXGroup section */

/* Begin PBXNativeTarget section */
		84BC3449260AFC4300D0CA9A /* BPlayer */ = {
			isa = PBXNativeTarget;
			buildConfigurationList = 84BC3474260AFC4400D0CA9A /* Build configuration list for PBXNativeTarget "BPlayer" */;
			buildPhases = (
				EBEE3434B89EDFF4ECDFF70D /* [CP] Check Pods Manifest.lock */,
				84BC3446260AFC4300D0CA9A /* Sources */,
				84BC3447260AFC4300D0CA9A /* Frameworks */,
				84BC3448260AFC4300D0CA9A /* Resources */,
				A52DEA443D88213ED452E257 /* [CP] Embed Pods Frameworks */,
			);
			buildRules = (
			);
			dependencies = (
			);
			name = BPlayer;
			productName = BPlayer;
			productReference = 84BC344A260AFC4300D0CA9A /* BPlayer.app */;
			productType = "com.apple.product-type.application";
		};
		84BC345F260AFC4400D0CA9A /* BPlayerTests */ = {
			isa = PBXNativeTarget;
			buildConfigurationList = 84BC3477260AFC4400D0CA9A /* Build configuration list for PBXNativeTarget "BPlayerTests" */;
			buildPhases = (
				57CB8A1AD1415B0F1DE0233F /* [CP] Check Pods Manifest.lock */,
				84BC345C260AFC4400D0CA9A /* Sources */,
				84BC345D260AFC4400D0CA9A /* Frameworks */,
				84BC345E260AFC4400D0CA9A /* Resources */,
			);
			buildRules = (
			);
			dependencies = (
				84BC3462260AFC4400D0CA9A /* PBXTargetDependency */,
			);
			name = BPlayerTests;
			productName = BPlayerTests;
			productReference = 84BC3460260AFC4400D0CA9A /* BPlayerTests.xctest */;
			productType = "com.apple.product-type.bundle.unit-test";
		};
		84BC346A260AFC4400D0CA9A /* BPlayerUITests */ = {
			isa = PBXNativeTarget;
			buildConfigurationList = 84BC347A260AFC4400D0CA9A /* Build configuration list for PBXNativeTarget "BPlayerUITests" */;
			buildPhases = (
				86E151371143932E29CCE17C /* [CP] Check Pods Manifest.lock */,
				84BC3467260AFC4400D0CA9A /* Sources */,
				84BC3468260AFC4400D0CA9A /* Frameworks */,
				84BC3469260AFC4400D0CA9A /* Resources */,
				5D041348A87AF2C76CE4D6BA /* [CP] Embed Pods Frameworks */,
			);
			buildRules = (
			);
			dependencies = (
				84BC346D260AFC4400D0CA9A /* PBXTargetDependency */,
			);
			name = BPlayerUITests;
			productName = BPlayerUITests;
			productReference = 84BC346B260AFC4400D0CA9A /* BPlayerUITests.xctest */;
			productType = "com.apple.product-type.bundle.ui-testing";
		};
/* End PBXNativeTarget section */

/* Begin PBXProject section */
		84BC3442260AFC4300D0CA9A /* Project object */ = {
			isa = PBXProject;
			attributes = {
				LastSwiftUpdateCheck = 1240;
				LastUpgradeCheck = 1240;
				TargetAttributes = {
					84BC3449260AFC4300D0CA9A = {
						CreatedOnToolsVersion = 12.4;
					};
					84BC345F260AFC4400D0CA9A = {
						CreatedOnToolsVersion = 12.4;
						TestTargetID = 84BC3449260AFC4300D0CA9A;
					};
					84BC346A260AFC4400D0CA9A = {
						CreatedOnToolsVersion = 12.4;
						TestTargetID = 84BC3449260AFC4300D0CA9A;
					};
				};
			};
			buildConfigurationList = 84BC3445260AFC4300D0CA9A /* Build configuration list for PBXProject "BPlayer" */;
			compatibilityVersion = "Xcode 9.3";
			developmentRegion = en;
			hasScannedForEncodings = 0;
			knownRegions = (
				en,
				Base,
			);
			mainGroup = 84BC3441260AFC4300D0CA9A;
			productRefGroup = 84BC344B260AFC4300D0CA9A /* Products */;
			projectDirPath = "";
			projectRoot = "";
			targets = (
				84BC3449260AFC4300D0CA9A /* BPlayer */,
				84BC345F260AFC4400D0CA9A /* BPlayerTests */,
				84BC346A260AFC4400D0CA9A /* BPlayerUITests */,
			);
		};
/* End PBXProject section */

/* Begin PBXResourcesBuildPhase section */
		84BC3448260AFC4300D0CA9A /* Resources */ = {
			isa = PBXResourcesBuildPhase;
			buildActionMask = 2147483647;
			files = (
				84BC345A260AFC4400D0CA9A /* LaunchScreen.storyboard in Resources */,
				84BC3457260AFC4400D0CA9A /* Assets.xcassets in Resources */,
				84BC3455260AFC4300D0CA9A /* Main.storyboard in Resources */,
				84BC3506260DD5E400D0CA9A /* CLPlayerController.xib in Resources */,
			);
			runOnlyForDeploymentPostprocessing = 0;
		};
		84BC345E260AFC4400D0CA9A /* Resources */ = {
			isa = PBXResourcesBuildPhase;
			buildActionMask = 2147483647;
			files = (
			);
			runOnlyForDeploymentPostprocessing = 0;
		};
		84BC3469260AFC4400D0CA9A /* Resources */ = {
			isa = PBXResourcesBuildPhase;
			buildActionMask = 2147483647;
			files = (
			);
			runOnlyForDeploymentPostprocessing = 0;
		};
/* End PBXResourcesBuildPhase section */

/* Begin PBXShellScriptBuildPhase section */
		57CB8A1AD1415B0F1DE0233F /* [CP] Check Pods Manifest.lock */ = {
			isa = PBXShellScriptBuildPhase;
			buildActionMask = 2147483647;
			files = (
			);
			inputFileListPaths = (
			);
			inputPaths = (
				"${PODS_PODFILE_DIR_PATH}/Podfile.lock",
				"${PODS_ROOT}/Manifest.lock",
			);
			name = "[CP] Check Pods Manifest.lock";
			outputFileListPaths = (
			);
			outputPaths = (
				"$(DERIVED_FILE_DIR)/Pods-BPlayerTests-checkManifestLockResult.txt",
			);
			runOnlyForDeploymentPostprocessing = 0;
			shellPath = /bin/sh;
			shellScript = "diff \"${PODS_PODFILE_DIR_PATH}/Podfile.lock\" \"${PODS_ROOT}/Manifest.lock\" > /dev/null\nif [ $? != 0 ] ; then\n    # print error to STDERR\n    echo \"error: The sandbox is not in sync with the Podfile.lock. Run 'pod install' or update your CocoaPods installation.\" >&2\n    exit 1\nfi\n# This output is used by Xcode 'outputs' to avoid re-running this script phase.\necho \"SUCCESS\" > \"${SCRIPT_OUTPUT_FILE_0}\"\n";
			showEnvVarsInLog = 0;
		};
		5D041348A87AF2C76CE4D6BA /* [CP] Embed Pods Frameworks */ = {
			isa = PBXShellScriptBuildPhase;
			buildActionMask = 2147483647;
			files = (
			);
			inputFileListPaths = (
				"${PODS_ROOT}/Target Support Files/Pods-BPlayer-BPlayerUITests/Pods-BPlayer-BPlayerUITests-frameworks-${CONFIGURATION}-input-files.xcfilelist",
			);
			name = "[CP] Embed Pods Frameworks";
			outputFileListPaths = (
				"${PODS_ROOT}/Target Support Files/Pods-BPlayer-BPlayerUITests/Pods-BPlayer-BPlayerUITests-frameworks-${CONFIGURATION}-output-files.xcfilelist",
			);
			runOnlyForDeploymentPostprocessing = 0;
			shellPath = /bin/sh;
			shellScript = "\"${PODS_ROOT}/Target Support Files/Pods-BPlayer-BPlayerUITests/Pods-BPlayer-BPlayerUITests-frameworks.sh\"\n";
			showEnvVarsInLog = 0;
		};
		86E151371143932E29CCE17C /* [CP] Check Pods Manifest.lock */ = {
			isa = PBXShellScriptBuildPhase;
			buildActionMask = 2147483647;
			files = (
			);
			inputFileListPaths = (
			);
			inputPaths = (
				"${PODS_PODFILE_DIR_PATH}/Podfile.lock",
				"${PODS_ROOT}/Manifest.lock",
			);
			name = "[CP] Check Pods Manifest.lock";
			outputFileListPaths = (
			);
			outputPaths = (
				"$(DERIVED_FILE_DIR)/Pods-BPlayer-BPlayerUITests-checkManifestLockResult.txt",
			);
			runOnlyForDeploymentPostprocessing = 0;
			shellPath = /bin/sh;
			shellScript = "diff \"${PODS_PODFILE_DIR_PATH}/Podfile.lock\" \"${PODS_ROOT}/Manifest.lock\" > /dev/null\nif [ $? != 0 ] ; then\n    # print error to STDERR\n    echo \"error: The sandbox is not in sync with the Podfile.lock. Run 'pod install' or update your CocoaPods installation.\" >&2\n    exit 1\nfi\n# This output is used by Xcode 'outputs' to avoid re-running this script phase.\necho \"SUCCESS\" > \"${SCRIPT_OUTPUT_FILE_0}\"\n";
			showEnvVarsInLog = 0;
		};
		A52DEA443D88213ED452E257 /* [CP] Embed Pods Frameworks */ = {
			isa = PBXShellScriptBuildPhase;
			buildActionMask = 2147483647;
			files = (
			);
			inputFileListPaths = (
				"${PODS_ROOT}/Target Support Files/Pods-BPlayer/Pods-BPlayer-frameworks-${CONFIGURATION}-input-files.xcfilelist",
			);
			name = "[CP] Embed Pods Frameworks";
			outputFileListPaths = (
				"${PODS_ROOT}/Target Support Files/Pods-BPlayer/Pods-BPlayer-frameworks-${CONFIGURATION}-output-files.xcfilelist",
			);
			runOnlyForDeploymentPostprocessing = 0;
			shellPath = /bin/sh;
			shellScript = "\"${PODS_ROOT}/Target Support Files/Pods-BPlayer/Pods-BPlayer-frameworks.sh\"\n";
			showEnvVarsInLog = 0;
		};
		EBEE3434B89EDFF4ECDFF70D /* [CP] Check Pods Manifest.lock */ = {
			isa = PBXShellScriptBuildPhase;
			buildActionMask = 2147483647;
			files = (
			);
			inputFileListPaths = (
			);
			inputPaths = (
				"${PODS_PODFILE_DIR_PATH}/Podfile.lock",
				"${PODS_ROOT}/Manifest.lock",
			);
			name = "[CP] Check Pods Manifest.lock";
			outputFileListPaths = (
			);
			outputPaths = (
				"$(DERIVED_FILE_DIR)/Pods-BPlayer-checkManifestLockResult.txt",
			);
			runOnlyForDeploymentPostprocessing = 0;
			shellPath = /bin/sh;
			shellScript = "diff \"${PODS_PODFILE_DIR_PATH}/Podfile.lock\" \"${PODS_ROOT}/Manifest.lock\" > /dev/null\nif [ $? != 0 ] ; then\n    # print error to STDERR\n    echo \"error: The sandbox is not in sync with the Podfile.lock. Run 'pod install' or update your CocoaPods installation.\" >&2\n    exit 1\nfi\n# This output is used by Xcode 'outputs' to avoid re-running this script phase.\necho \"SUCCESS\" > \"${SCRIPT_OUTPUT_FILE_0}\"\n";
			showEnvVarsInLog = 0;
		};
/* End PBXShellScriptBuildPhase section */

/* Begin PBXSourcesBuildPhase section */
		84BC3446260AFC4300D0CA9A /* Sources */ = {
			isa = PBXSourcesBuildPhase;
			buildActionMask = 2147483647;
			files = (
				84BC3452260AFC4300D0CA9A /* DemoViewController.swift in Sources */,
				84BC34A3260B301800D0CA9A /* UiView+Extensions.swift in Sources */,
				84BC3505260DD5E400D0CA9A /* CLPlayerController.swift in Sources */,
				84BC34D8260C343E00D0CA9A /* HLSParser.swift in Sources */,
				84BC344E260AFC4300D0CA9A /* AppDelegate.swift in Sources */,
				84BC35182611869100D0CA9A /* MPVolumeView+Extension.swift in Sources */,
			);
			runOnlyForDeploymentPostprocessing = 0;
		};
		84BC345C260AFC4400D0CA9A /* Sources */ = {
			isa = PBXSourcesBuildPhase;
			buildActionMask = 2147483647;
			files = (
				84BC3465260AFC4400D0CA9A /* BPlayerTests.swift in Sources */,
			);
			runOnlyForDeploymentPostprocessing = 0;
		};
		84BC3467260AFC4400D0CA9A /* Sources */ = {
			isa = PBXSourcesBuildPhase;
			buildActionMask = 2147483647;
			files = (
				84BC3470260AFC4400D0CA9A /* BPlayerUITests.swift in Sources */,
			);
			runOnlyForDeploymentPostprocessing = 0;
		};
/* End PBXSourcesBuildPhase section */

/* Begin PBXTargetDependency section */
		84BC3462260AFC4400D0CA9A /* PBXTargetDependency */ = {
			isa = PBXTargetDependency;
			target = 84BC3449260AFC4300D0CA9A /* BPlayer */;
			targetProxy = 84BC3461260AFC4400D0CA9A /* PBXContainerItemProxy */;
		};
		84BC346D260AFC4400D0CA9A /* PBXTargetDependency */ = {
			isa = PBXTargetDependency;
			target = 84BC3449260AFC4300D0CA9A /* BPlayer */;
			targetProxy = 84BC346C260AFC4400D0CA9A /* PBXContainerItemProxy */;
		};
/* End PBXTargetDependency section */

/* Begin PBXVariantGroup section */
		84BC3453260AFC4300D0CA9A /* Main.storyboard */ = {
			isa = PBXVariantGroup;
			children = (
				84BC3454260AFC4300D0CA9A /* Base */,
			);
			name = Main.storyboard;
			sourceTree = "<group>";
		};
		84BC3458260AFC4400D0CA9A /* LaunchScreen.storyboard */ = {
			isa = PBXVariantGroup;
			children = (
				84BC3459260AFC4400D0CA9A /* Base */,
			);
			name = LaunchScreen.storyboard;
			sourceTree = "<group>";
		};
/* End PBXVariantGroup section */

/* Begin XCBuildConfiguration section */
		84BC3472260AFC4400D0CA9A /* Debug */ = {
			isa = XCBuildConfiguration;
			buildSettings = {
				ALWAYS_SEARCH_USER_PATHS = NO;
				CLANG_ANALYZER_NONNULL = YES;
				CLANG_ANALYZER_NUMBER_OBJECT_CONVERSION = YES_AGGRESSIVE;
				CLANG_CXX_LANGUAGE_STANDARD = "gnu++14";
				CLANG_CXX_LIBRARY = "libc++";
				CLANG_ENABLE_MODULES = YES;
				CLANG_ENABLE_OBJC_ARC = YES;
				CLANG_ENABLE_OBJC_WEAK = YES;
				CLANG_WARN_BLOCK_CAPTURE_AUTORELEASING = YES;
				CLANG_WARN_BOOL_CONVERSION = YES;
				CLANG_WARN_COMMA = YES;
				CLANG_WARN_CONSTANT_CONVERSION = YES;
				CLANG_WARN_DEPRECATED_OBJC_IMPLEMENTATIONS = YES;
				CLANG_WARN_DIRECT_OBJC_ISA_USAGE = YES_ERROR;
				CLANG_WARN_DOCUMENTATION_COMMENTS = YES;
				CLANG_WARN_EMPTY_BODY = YES;
				CLANG_WARN_ENUM_CONVERSION = YES;
				CLANG_WARN_INFINITE_RECURSION = YES;
				CLANG_WARN_INT_CONVERSION = YES;
				CLANG_WARN_NON_LITERAL_NULL_CONVERSION = YES;
				CLANG_WARN_OBJC_IMPLICIT_RETAIN_SELF = YES;
				CLANG_WARN_OBJC_LITERAL_CONVERSION = YES;
				CLANG_WARN_OBJC_ROOT_CLASS = YES_ERROR;
				CLANG_WARN_QUOTED_INCLUDE_IN_FRAMEWORK_HEADER = YES;
				CLANG_WARN_RANGE_LOOP_ANALYSIS = YES;
				CLANG_WARN_STRICT_PROTOTYPES = YES;
				CLANG_WARN_SUSPICIOUS_MOVE = YES;
				CLANG_WARN_UNGUARDED_AVAILABILITY = YES_AGGRESSIVE;
				CLANG_WARN_UNREACHABLE_CODE = YES;
				CLANG_WARN__DUPLICATE_METHOD_MATCH = YES;
				COPY_PHASE_STRIP = NO;
				DEBUG_INFORMATION_FORMAT = dwarf;
				ENABLE_STRICT_OBJC_MSGSEND = YES;
				ENABLE_TESTABILITY = YES;
				GCC_C_LANGUAGE_STANDARD = gnu11;
				GCC_DYNAMIC_NO_PIC = NO;
				GCC_NO_COMMON_BLOCKS = YES;
				GCC_OPTIMIZATION_LEVEL = 0;
				GCC_PREPROCESSOR_DEFINITIONS = (
					"DEBUG=1",
					"$(inherited)",
				);
				GCC_WARN_64_TO_32_BIT_CONVERSION = YES;
				GCC_WARN_ABOUT_RETURN_TYPE = YES_ERROR;
				GCC_WARN_UNDECLARED_SELECTOR = YES;
				GCC_WARN_UNINITIALIZED_AUTOS = YES_AGGRESSIVE;
				GCC_WARN_UNUSED_FUNCTION = YES;
				GCC_WARN_UNUSED_VARIABLE = YES;
				IPHONEOS_DEPLOYMENT_TARGET = 14.4;
				MTL_ENABLE_DEBUG_INFO = INCLUDE_SOURCE;
				MTL_FAST_MATH = YES;
				ONLY_ACTIVE_ARCH = YES;
				SDKROOT = iphoneos;
				SWIFT_ACTIVE_COMPILATION_CONDITIONS = DEBUG;
				SWIFT_OPTIMIZATION_LEVEL = "-Onone";
			};
			name = Debug;
		};
		84BC3473260AFC4400D0CA9A /* Release */ = {
			isa = XCBuildConfiguration;
			buildSettings = {
				ALWAYS_SEARCH_USER_PATHS = NO;
				CLANG_ANALYZER_NONNULL = YES;
				CLANG_ANALYZER_NUMBER_OBJECT_CONVERSION = YES_AGGRESSIVE;
				CLANG_CXX_LANGUAGE_STANDARD = "gnu++14";
				CLANG_CXX_LIBRARY = "libc++";
				CLANG_ENABLE_MODULES = YES;
				CLANG_ENABLE_OBJC_ARC = YES;
				CLANG_ENABLE_OBJC_WEAK = YES;
				CLANG_WARN_BLOCK_CAPTURE_AUTORELEASING = YES;
				CLANG_WARN_BOOL_CONVERSION = YES;
				CLANG_WARN_COMMA = YES;
				CLANG_WARN_CONSTANT_CONVERSION = YES;
				CLANG_WARN_DEPRECATED_OBJC_IMPLEMENTATIONS = YES;
				CLANG_WARN_DIRECT_OBJC_ISA_USAGE = YES_ERROR;
				CLANG_WARN_DOCUMENTATION_COMMENTS = YES;
				CLANG_WARN_EMPTY_BODY = YES;
				CLANG_WARN_ENUM_CONVERSION = YES;
				CLANG_WARN_INFINITE_RECURSION = YES;
				CLANG_WARN_INT_CONVERSION = YES;
				CLANG_WARN_NON_LITERAL_NULL_CONVERSION = YES;
				CLANG_WARN_OBJC_IMPLICIT_RETAIN_SELF = YES;
				CLANG_WARN_OBJC_LITERAL_CONVERSION = YES;
				CLANG_WARN_OBJC_ROOT_CLASS = YES_ERROR;
				CLANG_WARN_QUOTED_INCLUDE_IN_FRAMEWORK_HEADER = YES;
				CLANG_WARN_RANGE_LOOP_ANALYSIS = YES;
				CLANG_WARN_STRICT_PROTOTYPES = YES;
				CLANG_WARN_SUSPICIOUS_MOVE = YES;
				CLANG_WARN_UNGUARDED_AVAILABILITY = YES_AGGRESSIVE;
				CLANG_WARN_UNREACHABLE_CODE = YES;
				CLANG_WARN__DUPLICATE_METHOD_MATCH = YES;
				COPY_PHASE_STRIP = NO;
				DEBUG_INFORMATION_FORMAT = "dwarf-with-dsym";
				ENABLE_NS_ASSERTIONS = NO;
				ENABLE_STRICT_OBJC_MSGSEND = YES;
				GCC_C_LANGUAGE_STANDARD = gnu11;
				GCC_NO_COMMON_BLOCKS = YES;
				GCC_WARN_64_TO_32_BIT_CONVERSION = YES;
				GCC_WARN_ABOUT_RETURN_TYPE = YES_ERROR;
				GCC_WARN_UNDECLARED_SELECTOR = YES;
				GCC_WARN_UNINITIALIZED_AUTOS = YES_AGGRESSIVE;
				GCC_WARN_UNUSED_FUNCTION = YES;
				GCC_WARN_UNUSED_VARIABLE = YES;
				IPHONEOS_DEPLOYMENT_TARGET = 14.4;
				MTL_ENABLE_DEBUG_INFO = NO;
				MTL_FAST_MATH = YES;
				SDKROOT = iphoneos;
				SWIFT_COMPILATION_MODE = wholemodule;
				SWIFT_OPTIMIZATION_LEVEL = "-O";
				VALIDATE_PRODUCT = YES;
			};
			name = Release;
		};
		84BC3475260AFC4400D0CA9A /* Debug */ = {
			isa = XCBuildConfiguration;
			baseConfigurationReference = 523D0C49FD5B211027C1FA9C /* Pods-BPlayer.debug.xcconfig */;
			buildSettings = {
				ASSETCATALOG_COMPILER_APPICON_NAME = AppIcon;
				ASSETCATALOG_COMPILER_GLOBAL_ACCENT_COLOR_NAME = AccentColor;
				CODE_SIGN_STYLE = Automatic;
				DEVELOPMENT_TEAM = FQ3YMMKHG5;
				INFOPLIST_FILE = BPlayer/Info.plist;
				IPHONEOS_DEPLOYMENT_TARGET = 11.0;
				LD_RUNPATH_SEARCH_PATHS = (
					"$(inherited)",
					"@executable_path/Frameworks",
				);
				PRODUCT_BUNDLE_IDENTIFIER = com.buubui.BPlayer;
				PRODUCT_NAME = "$(TARGET_NAME)";
				SWIFT_VERSION = 5.0;
				TARGETED_DEVICE_FAMILY = "1,2";
			};
			name = Debug;
		};
		84BC3476260AFC4400D0CA9A /* Release */ = {
			isa = XCBuildConfiguration;
			baseConfigurationReference = 147E827D2AC57D04518B9B5D /* Pods-BPlayer.release.xcconfig */;
			buildSettings = {
				ASSETCATALOG_COMPILER_APPICON_NAME = AppIcon;
				ASSETCATALOG_COMPILER_GLOBAL_ACCENT_COLOR_NAME = AccentColor;
				CODE_SIGN_STYLE = Automatic;
				DEVELOPMENT_TEAM = FQ3YMMKHG5;
				INFOPLIST_FILE = BPlayer/Info.plist;
				IPHONEOS_DEPLOYMENT_TARGET = 11.0;
				LD_RUNPATH_SEARCH_PATHS = (
					"$(inherited)",
					"@executable_path/Frameworks",
				);
				PRODUCT_BUNDLE_IDENTIFIER = com.buubui.BPlayer;
				PRODUCT_NAME = "$(TARGET_NAME)";
				SWIFT_VERSION = 5.0;
				TARGETED_DEVICE_FAMILY = "1,2";
			};
			name = Release;
		};
		84BC3478260AFC4400D0CA9A /* Debug */ = {
			isa = XCBuildConfiguration;
			baseConfigurationReference = A39649891C5DBC62600E3A24 /* Pods-BPlayerTests.debug.xcconfig */;
			buildSettings = {
				ALWAYS_EMBED_SWIFT_STANDARD_LIBRARIES = YES;
				BUNDLE_LOADER = "$(TEST_HOST)";
				CODE_SIGN_STYLE = Automatic;
				DEVELOPMENT_TEAM = FQ3YMMKHG5;
				INFOPLIST_FILE = BPlayerTests/Info.plist;
				IPHONEOS_DEPLOYMENT_TARGET = 14.4;
				LD_RUNPATH_SEARCH_PATHS = (
					"$(inherited)",
					"@executable_path/Frameworks",
					"@loader_path/Frameworks",
				);
				PRODUCT_BUNDLE_IDENTIFIER = com.buubui.BPlayerTests;
				PRODUCT_NAME = "$(TARGET_NAME)";
				SWIFT_VERSION = 5.0;
				TARGETED_DEVICE_FAMILY = "1,2";
				TEST_HOST = "$(BUILT_PRODUCTS_DIR)/BPlayer.app/BPlayer";
			};
			name = Debug;
		};
		84BC3479260AFC4400D0CA9A /* Release */ = {
			isa = XCBuildConfiguration;
			baseConfigurationReference = 456EE10DE2761859BA2CD69B /* Pods-BPlayerTests.release.xcconfig */;
			buildSettings = {
				ALWAYS_EMBED_SWIFT_STANDARD_LIBRARIES = YES;
				BUNDLE_LOADER = "$(TEST_HOST)";
				CODE_SIGN_STYLE = Automatic;
				DEVELOPMENT_TEAM = FQ3YMMKHG5;
				INFOPLIST_FILE = BPlayerTests/Info.plist;
				IPHONEOS_DEPLOYMENT_TARGET = 14.4;
				LD_RUNPATH_SEARCH_PATHS = (
					"$(inherited)",
					"@executable_path/Frameworks",
					"@loader_path/Frameworks",
				);
				PRODUCT_BUNDLE_IDENTIFIER = com.buubui.BPlayerTests;
				PRODUCT_NAME = "$(TARGET_NAME)";
				SWIFT_VERSION = 5.0;
				TARGETED_DEVICE_FAMILY = "1,2";
				TEST_HOST = "$(BUILT_PRODUCTS_DIR)/BPlayer.app/BPlayer";
			};
			name = Release;
		};
		84BC347B260AFC4400D0CA9A /* Debug */ = {
			isa = XCBuildConfiguration;
			baseConfigurationReference = 6DBB4DC427EBB0C4E1984895 /* Pods-BPlayer-BPlayerUITests.debug.xcconfig */;
			buildSettings = {
				ALWAYS_EMBED_SWIFT_STANDARD_LIBRARIES = YES;
				CODE_SIGN_STYLE = Automatic;
				DEVELOPMENT_TEAM = FQ3YMMKHG5;
				INFOPLIST_FILE = BPlayerUITests/Info.plist;
				LD_RUNPATH_SEARCH_PATHS = (
					"$(inherited)",
					"@executable_path/Frameworks",
					"@loader_path/Frameworks",
				);
				PRODUCT_BUNDLE_IDENTIFIER = com.buubui.BPlayerUITests;
				PRODUCT_NAME = "$(TARGET_NAME)";
				SWIFT_VERSION = 5.0;
				TARGETED_DEVICE_FAMILY = "1,2";
				TEST_TARGET_NAME = BPlayer;
			};
			name = Debug;
		};
		84BC347C260AFC4400D0CA9A /* Release */ = {
			isa = XCBuildConfiguration;
			baseConfigurationReference = 1471022897A64FDE4FD5D6DB /* Pods-BPlayer-BPlayerUITests.release.xcconfig */;
			buildSettings = {
				ALWAYS_EMBED_SWIFT_STANDARD_LIBRARIES = YES;
				CODE_SIGN_STYLE = Automatic;
				DEVELOPMENT_TEAM = FQ3YMMKHG5;
				INFOPLIST_FILE = BPlayerUITests/Info.plist;
				LD_RUNPATH_SEARCH_PATHS = (
					"$(inherited)",
					"@executable_path/Frameworks",
					"@loader_path/Frameworks",
				);
				PRODUCT_BUNDLE_IDENTIFIER = com.buubui.BPlayerUITests;
				PRODUCT_NAME = "$(TARGET_NAME)";
				SWIFT_VERSION = 5.0;
				TARGETED_DEVICE_FAMILY = "1,2";
				TEST_TARGET_NAME = BPlayer;
			};
			name = Release;
		};
/* End XCBuildConfiguration section */

/* Begin XCConfigurationList section */
		84BC3445260AFC4300D0CA9A /* Build configuration list for PBXProject "BPlayer" */ = {
			isa = XCConfigurationList;
			buildConfigurations = (
				84BC3472260AFC4400D0CA9A /* Debug */,
				84BC3473260AFC4400D0CA9A /* Release */,
			);
			defaultConfigurationIsVisible = 0;
			defaultConfigurationName = Release;
		};
		84BC3474260AFC4400D0CA9A /* Build configuration list for PBXNativeTarget "BPlayer" */ = {
			isa = XCConfigurationList;
			buildConfigurations = (
				84BC3475260AFC4400D0CA9A /* Debug */,
				84BC3476260AFC4400D0CA9A /* Release */,
			);
			defaultConfigurationIsVisible = 0;
			defaultConfigurationName = Release;
		};
		84BC3477260AFC4400D0CA9A /* Build configuration list for PBXNativeTarget "BPlayerTests" */ = {
			isa = XCConfigurationList;
			buildConfigurations = (
				84BC3478260AFC4400D0CA9A /* Debug */,
				84BC3479260AFC4400D0CA9A /* Release */,
			);
			defaultConfigurationIsVisible = 0;
			defaultConfigurationName = Release;
		};
		84BC347A260AFC4400D0CA9A /* Build configuration list for PBXNativeTarget "BPlayerUITests" */ = {
			isa = XCConfigurationList;
			buildConfigurations = (
				84BC347B260AFC4400D0CA9A /* Debug */,
				84BC347C260AFC4400D0CA9A /* Release */,
			);
			defaultConfigurationIsVisible = 0;
			defaultConfigurationName = Release;
		};
/* End XCConfigurationList section */
	};
	rootObject = 84BC3442260AFC4300D0CA9A /* Project object */;
}
